
Microsoft Visual Studio Solution File, Format Version 12.00
# Visual Studio Version 17
VisualStudioVersion = 17.7.34221.43
MinimumVisualStudioVersion = 10.0.40219.1
Project("{FAE04EC0-301F-11D3-BF4B-00C04F79EFBC}") = "Aplikacja konsolowa", "Aplikacja konsolowa\Aplikacja konsolowa.csproj", "{9167C585-7F4D-4042-95DC-BB1D51A437F6}"
EndProject
Global
	GlobalSection(SolutionConfigurationPlatforms) = preSolution
		Debug|Any CPU = Debug|Any CPU
		Release|Any CPU = Release|Any CPU
	EndGlobalSection
	GlobalSection(ProjectConfigurationPlatforms) = postSolution
		{9167C585-7F4D-4042-95DC-BB1D51A437F6}.Debug|Any CPU.ActiveCfg = Debug|Any CPU
		{9167C585-7F4D-4042-95DC-BB1D51A437F6}.Debug|Any CPU.Build.0 = Debug|Any CPU
		{9167C585-7F4D-4042-95DC-BB1D51A437F6}.Release|Any CPU.ActiveCfg = Release|Any CPU
		{9167C585-7F4D-4042-95DC-BB1D51A437F6}.Release|Any CPU.Build.0 = Release|Any CPU
	EndGlobalSection
	GlobalSection(SolutionProperties) = preSolution
		HideSolutionNode = FALSE
	EndGlobalSection
	GlobalSection(ExtensibilityGlobals) = postSolution
		SolutionGuid = {9CDA2642-8A73-4AD4-8875-E56D881B5D33}
	EndGlobalSection
EndGlobal
